
Microsoft Visual Studio Solution File, Format Version 12.00
# Visual Studio Version 16
VisualStudioVersion = 16.0.31105.61
MinimumVisualStudioVersion = 10.0.40219.1
Project("{FAE04EC0-301F-11D3-BF4B-00C04F79EFBC}") = "LanchoNet", "LanchoNet\LanchoNet.csproj", "{8D9AEF15-1FE5-4105-BC1C-B376187BE8BC}"
EndProject
Project("{FAE04EC0-301F-11D3-BF4B-00C04F79EFBC}") = "Model", "Model\Model.csproj", "{A991C3AE-720F-4C38-990D-F6DF5875898F}"
EndProject
Project("{FAE04EC0-301F-11D3-BF4B-00C04F79EFBC}") = "Util", "Util\Util.csproj", "{F093B2E2-BA3F-41C1-96F8-46544E7CB33C}"
EndProject
Project("{FAE04EC0-301F-11D3-BF4B-00C04F79EFBC}") = "Data", "Data\Data.csproj", "{D77581CF-F066-417D-878E-03B4EFEB3D3A}"
EndProject
Project("{FAE04EC0-301F-11D3-BF4B-00C04F79EFBC}") = "Proxy", "Proxy\Proxy.csproj", "{BE0A20C7-E314-4E63-A01B-478701B25212}"
EndProject
Global
	GlobalSection(SolutionConfigurationPlatforms) = preSolution
		Debug|Any CPU = Debug|Any CPU
		Release|Any CPU = Release|Any CPU
	EndGlobalSection
	GlobalSection(ProjectConfigurationPlatforms) = postSolution
		{8D9AEF15-1FE5-4105-BC1C-B376187BE8BC}.Debug|Any CPU.ActiveCfg = Debug|Any CPU
		{8D9AEF15-1FE5-4105-BC1C-B376187BE8BC}.Debug|Any CPU.Build.0 = Debug|Any CPU
		{8D9AEF15-1FE5-4105-BC1C-B376187BE8BC}.Release|Any CPU.ActiveCfg = Release|Any CPU
		{8D9AEF15-1FE5-4105-BC1C-B376187BE8BC}.Release|Any CPU.Build.0 = Release|Any CPU
		{A991C3AE-720F-4C38-990D-F6DF5875898F}.Debug|Any CPU.ActiveCfg = Debug|Any CPU
		{A991C3AE-720F-4C38-990D-F6DF5875898F}.Debug|Any CPU.Build.0 = Debug|Any CPU
		{A991C3AE-720F-4C38-990D-F6DF5875898F}.Release|Any CPU.ActiveCfg = Release|Any CPU
		{A991C3AE-720F-4C38-990D-F6DF5875898F}.Release|Any CPU.Build.0 = Release|Any CPU
		{F093B2E2-BA3F-41C1-96F8-46544E7CB33C}.Debug|Any CPU.ActiveCfg = Debug|Any CPU
		{F093B2E2-BA3F-41C1-96F8-46544E7CB33C}.Debug|Any CPU.Build.0 = Debug|Any CPU
		{F093B2E2-BA3F-41C1-96F8-46544E7CB33C}.Release|Any CPU.ActiveCfg = Release|Any CPU
		{F093B2E2-BA3F-41C1-96F8-46544E7CB33C}.Release|Any CPU.Build.0 = Release|Any CPU
		{D77581CF-F066-417D-878E-03B4EFEB3D3A}.Debug|Any CPU.ActiveCfg = Debug|Any CPU
		{D77581CF-F066-417D-878E-03B4EFEB3D3A}.Debug|Any CPU.Build.0 = Debug|Any CPU
		{D77581CF-F066-417D-878E-03B4EFEB3D3A}.Release|Any CPU.ActiveCfg = Release|Any CPU
		{D77581CF-F066-417D-878E-03B4EFEB3D3A}.Release|Any CPU.Build.0 = Release|Any CPU
		{BE0A20C7-E314-4E63-A01B-478701B25212}.Debug|Any CPU.ActiveCfg = Debug|Any CPU
		{BE0A20C7-E314-4E63-A01B-478701B25212}.Debug|Any CPU.Build.0 = Debug|Any CPU
		{BE0A20C7-E314-4E63-A01B-478701B25212}.Release|Any CPU.ActiveCfg = Release|Any CPU
		{BE0A20C7-E314-4E63-A01B-478701B25212}.Release|Any CPU.Build.0 = Release|Any CPU
	EndGlobalSection
	GlobalSection(SolutionProperties) = preSolution
		HideSolutionNode = FALSE
	EndGlobalSection
	GlobalSection(ExtensibilityGlobals) = postSolution
		SolutionGuid = {7A001877-9A1C-42E8-85A9-5D4AA014BB48}
	EndGlobalSection
EndGlobal
